// !$*UTF8*$!
{
	archiveVersion = 1;
	classes = {
	};
	objectVersion = 50;
	objects = {

/* Begin PBXBuildFile section */
		812A240C27AD865300FA5051 /* InputSmsCode.swift in Sources */ = {isa = PBXBuildFile; fileRef = 812A240B27AD865300FA5051 /* InputSmsCode.swift */; };
		812A240E27AD93B800FA5051 /* PinCodeViewController.swift in Sources */ = {isa = PBXBuildFile; fileRef = 812A240D27AD93B800FA5051 /* PinCodeViewController.swift */; };
		813F938327AC2611006B8194 /* AppDelegate.swift in Sources */ = {isa = PBXBuildFile; fileRef = 813F938227AC2611006B8194 /* AppDelegate.swift */; };
		813F938527AC2611006B8194 /* SceneDelegate.swift in Sources */ = {isa = PBXBuildFile; fileRef = 813F938427AC2611006B8194 /* SceneDelegate.swift */; };
		813F938727AC2611006B8194 /* ViewController.swift in Sources */ = {isa = PBXBuildFile; fileRef = 813F938627AC2611006B8194 /* ViewController.swift */; };
		813F938A27AC2611006B8194 /* Main.storyboard in Resources */ = {isa = PBXBuildFile; fileRef = 813F938827AC2611006B8194 /* Main.storyboard */; };
		813F938C27AC2612006B8194 /* Assets.xcassets in Resources */ = {isa = PBXBuildFile; fileRef = 813F938B27AC2612006B8194 /* Assets.xcassets */; };
		813F938F27AC2612006B8194 /* LaunchScreen.storyboard in Resources */ = {isa = PBXBuildFile; fileRef = 813F938D27AC2612006B8194 /* LaunchScreen.storyboard */; };
		8148914327B5217100DD8FC9 /* SettingObject.swift in Sources */ = {isa = PBXBuildFile; fileRef = 8148914227B5217100DD8FC9 /* SettingObject.swift */; };
		8148914527B52EDF00DD8FC9 /* UILabel+Extension.swift in Sources */ = {isa = PBXBuildFile; fileRef = 8148914427B52EDF00DD8FC9 /* UILabel+Extension.swift */; };
		8148914727B52EEC00DD8FC9 /* UIButton+Extension.swift in Sources */ = {isa = PBXBuildFile; fileRef = 8148914627B52EEC00DD8FC9 /* UIButton+Extension.swift */; };
		8148914927B52F0300DD8FC9 /* UIStackView+Extension.swift in Sources */ = {isa = PBXBuildFile; fileRef = 8148914827B52F0300DD8FC9 /* UIStackView+Extension.swift */; };
		8148914C27B52F9100DD8FC9 /* UIFont+Extension.swift in Sources */ = {isa = PBXBuildFile; fileRef = 8148914B27B52F9100DD8FC9 /* UIFont+Extension.swift */; };
/* End PBXBuildFile section */

/* Begin PBXFileReference section */
		812A240B27AD865300FA5051 /* InputSmsCode.swift */ = {isa = PBXFileReference; lastKnownFileType = sourcecode.swift; path = InputSmsCode.swift; sourceTree = "<group>"; };
		812A240D27AD93B800FA5051 /* PinCodeViewController.swift */ = {isa = PBXFileReference; lastKnownFileType = sourcecode.swift; path = PinCodeViewController.swift; sourceTree = "<group>"; };
		813F937F27AC2611006B8194 /* AppBank.app */ = {isa = PBXFileReference; explicitFileType = wrapper.application; includeInIndex = 0; path = AppBank.app; sourceTree = BUILT_PRODUCTS_DIR; };
		813F938227AC2611006B8194 /* AppDelegate.swift */ = {isa = PBXFileReference; lastKnownFileType = sourcecode.swift; path = AppDelegate.swift; sourceTree = "<group>"; };
		813F938427AC2611006B8194 /* SceneDelegate.swift */ = {isa = PBXFileReference; lastKnownFileType = sourcecode.swift; path = SceneDelegate.swift; sourceTree = "<group>"; };
		813F938627AC2611006B8194 /* ViewController.swift */ = {isa = PBXFileReference; lastKnownFileType = sourcecode.swift; path = ViewController.swift; sourceTree = "<group>"; };
		813F938927AC2611006B8194 /* Base */ = {isa = PBXFileReference; lastKnownFileType = file.storyboard; name = Base; path = Base.lproj/Main.storyboard; sourceTree = "<group>"; };
		813F938B27AC2612006B8194 /* Assets.xcassets */ = {isa = PBXFileReference; lastKnownFileType = folder.assetcatalog; path = Assets.xcassets; sourceTree = "<group>"; };
		813F938E27AC2612006B8194 /* Base */ = {isa = PBXFileReference; lastKnownFileType = file.storyboard; name = Base; path = Base.lproj/LaunchScreen.storyboard; sourceTree = "<group>"; };
		813F939027AC2612006B8194 /* Info.plist */ = {isa = PBXFileReference; lastKnownFileType = text.plist.xml; path = Info.plist; sourceTree = "<group>"; };
		8148914227B5217100DD8FC9 /* SettingObject.swift */ = {isa = PBXFileReference; lastKnownFileType = sourcecode.swift; path = SettingObject.swift; sourceTree = "<group>"; };
		8148914427B52EDF00DD8FC9 /* UILabel+Extension.swift */ = {isa = PBXFileReference; lastKnownFileType = sourcecode.swift; path = "UILabel+Extension.swift"; sourceTree = "<group>"; };
		8148914627B52EEC00DD8FC9 /* UIButton+Extension.swift */ = {isa = PBXFileReference; lastKnownFileType = sourcecode.swift; path = "UIButton+Extension.swift"; sourceTree = "<group>"; };
		8148914827B52F0300DD8FC9 /* UIStackView+Extension.swift */ = {isa = PBXFileReference; lastKnownFileType = sourcecode.swift; path = "UIStackView+Extension.swift"; sourceTree = "<group>"; };
		8148914B27B52F9100DD8FC9 /* UIFont+Extension.swift */ = {isa = PBXFileReference; lastKnownFileType = sourcecode.swift; path = "UIFont+Extension.swift"; sourceTree = "<group>"; };
/* End PBXFileReference section */

/* Begin PBXFrameworksBuildPhase section */
		813F937C27AC2611006B8194 /* Frameworks */ = {
			isa = PBXFrameworksBuildPhase;
			buildActionMask = 2147483647;
			files = (
			);
			runOnlyForDeploymentPostprocessing = 0;
		};
/* End PBXFrameworksBuildPhase section */

/* Begin PBXGroup section */
		813F937627AC2611006B8194 = {
			isa = PBXGroup;
			children = (
				813F938127AC2611006B8194 /* AppBank */,
				813F938027AC2611006B8194 /* Products */,
			);
			sourceTree = "<group>";
		};
		813F938027AC2611006B8194 /* Products */ = {
			isa = PBXGroup;
			children = (
				813F937F27AC2611006B8194 /* AppBank.app */,
			);
			name = Products;
			sourceTree = "<group>";
		};
		813F938127AC2611006B8194 /* AppBank */ = {
			isa = PBXGroup;
			children = (
				813F938227AC2611006B8194 /* AppDelegate.swift */,
				813F938427AC2611006B8194 /* SceneDelegate.swift */,
				813F938627AC2611006B8194 /* ViewController.swift */,
				812A240B27AD865300FA5051 /* InputSmsCode.swift */,
				812A240D27AD93B800FA5051 /* PinCodeViewController.swift */,
				8148914227B5217100DD8FC9 /* SettingObject.swift */,
				813F938827AC2611006B8194 /* Main.storyboard */,
				813F938B27AC2612006B8194 /* Assets.xcassets */,
				813F938D27AC2612006B8194 /* LaunchScreen.storyboard */,
				813F939027AC2612006B8194 /* Info.plist */,
				8148914A27B52F0B00DD8FC9 /* UIKit + Extension */,
			);
			path = AppBank;
			sourceTree = "<group>";
		};
		8148914A27B52F0B00DD8FC9 /* UIKit + Extension */ = {
			isa = PBXGroup;
			children = (
				8148914427B52EDF00DD8FC9 /* UILabel+Extension.swift */,
				8148914827B52F0300DD8FC9 /* UIStackView+Extension.swift */,
				8148914627B52EEC00DD8FC9 /* UIButton+Extension.swift */,
				8148914B27B52F9100DD8FC9 /* UIFont+Extension.swift */,
			);
			path = "UIKit + Extension";
			sourceTree = "<group>";
		};
/* End PBXGroup section */

/* Begin PBXNativeTarget section */
		813F937E27AC2611006B8194 /* AppBank */ = {
			isa = PBXNativeTarget;
			buildConfigurationList = 813F939327AC2612006B8194 /* Build configuration list for PBXNativeTarget "AppBank" */;
			buildPhases = (
				813F937B27AC2611006B8194 /* Sources */,
				813F937C27AC2611006B8194 /* Frameworks */,
				813F937D27AC2611006B8194 /* Resources */,
			);
			buildRules = (
			);
			dependencies = (
			);
			name = AppBank;
			productName = AppBank;
			productReference = 813F937F27AC2611006B8194 /* AppBank.app */;
			productType = "com.apple.product-type.application";
		};
/* End PBXNativeTarget section */

/* Begin PBXProject section */
		813F937727AC2611006B8194 /* Project object */ = {
			isa = PBXProject;
			attributes = {
				LastSwiftUpdateCheck = 1250;
				LastUpgradeCheck = 1250;
				TargetAttributes = {
					813F937E27AC2611006B8194 = {
						CreatedOnToolsVersion = 12.5.1;
					};
				};
			};
			buildConfigurationList = 813F937A27AC2611006B8194 /* Build configuration list for PBXProject "AppBank" */;
			compatibilityVersion = "Xcode 9.3";
			developmentRegion = en;
			hasScannedForEncodings = 0;
			knownRegions = (
				en,
				Base,
			);
			mainGroup = 813F937627AC2611006B8194;
			productRefGroup = 813F938027AC2611006B8194 /* Products */;
			projectDirPath = "";
			projectRoot = "";
			targets = (
				813F937E27AC2611006B8194 /* AppBank */,
			);
		};
/* End PBXProject section */

/* Begin PBXResourcesBuildPhase section */
		813F937D27AC2611006B8194 /* Resources */ = {
			isa = PBXResourcesBuildPhase;
			buildActionMask = 2147483647;
			files = (
				813F938F27AC2612006B8194 /* LaunchScreen.storyboard in Resources */,
				813F938C27AC2612006B8194 /* Assets.xcassets in Resources */,
				813F938A27AC2611006B8194 /* Main.storyboard in Resources */,
			);
			runOnlyForDeploymentPostprocessing = 0;
		};
/* End PBXResourcesBuildPhase section */

/* Begin PBXSourcesBuildPhase section */
		813F937B27AC2611006B8194 /* Sources */ = {
			isa = PBXSourcesBuildPhase;
			buildActionMask = 2147483647;
			files = (
				813F938727AC2611006B8194 /* ViewController.swift in Sources */,
				813F938327AC2611006B8194 /* AppDelegate.swift in Sources */,
				813F938527AC2611006B8194 /* SceneDelegate.swift in Sources */,
				8148914527B52EDF00DD8FC9 /* UILabel+Extension.swift in Sources */,
				8148914327B5217100DD8FC9 /* SettingObject.swift in Sources */,
				8148914927B52F0300DD8FC9 /* UIStackView+Extension.swift in Sources */,
				8148914727B52EEC00DD8FC9 /* UIButton+Extension.swift in Sources */,
				812A240E27AD93B800FA5051 /* PinCodeViewController.swift in Sources */,
				8148914C27B52F9100DD8FC9 /* UIFont+Extension.swift in Sources */,
				812A240C27AD865300FA5051 /* InputSmsCode.swift in Sources */,
			);
			runOnlyForDeploymentPostprocessing = 0;
		};
/* End PBXSourcesBuildPhase section */

/* Begin PBXVariantGroup section */
		813F938827AC2611006B8194 /* Main.storyboard */ = {
			isa = PBXVariantGroup;
			children = (
				813F938927AC2611006B8194 /* Base */,
			);
			name = Main.storyboard;
			sourceTree = "<group>";
		};
		813F938D27AC2612006B8194 /* LaunchScreen.storyboard */ = {
			isa = PBXVariantGroup;
			children = (
				813F938E27AC2612006B8194 /* Base */,
			);
			name = LaunchScreen.storyboard;
			sourceTree = "<group>";
		};
/* End PBXVariantGroup section */

/* Begin XCBuildConfiguration section */
		813F939127AC2612006B8194 /* Debug */ = {
			isa = XCBuildConfiguration;
			buildSettings = {
				ALWAYS_SEARCH_USER_PATHS = NO;
				CLANG_ANALYZER_NONNULL = YES;
				CLANG_ANALYZER_NUMBER_OBJECT_CONVERSION = YES_AGGRESSIVE;
				CLANG_CXX_LANGUAGE_STANDARD = "gnu++14";
				CLANG_CXX_LIBRARY = "libc++";
				CLANG_ENABLE_MODULES = YES;
				CLANG_ENABLE_OBJC_ARC = YES;
				CLANG_ENABLE_OBJC_WEAK = YES;
				CLANG_WARN_BLOCK_CAPTURE_AUTORELEASING = YES;
				CLANG_WARN_BOOL_CONVERSION = YES;
				CLANG_WARN_COMMA = YES;
				CLANG_WARN_CONSTANT_CONVERSION = YES;
				CLANG_WARN_DEPRECATED_OBJC_IMPLEMENTATIONS = YES;
				CLANG_WARN_DIRECT_OBJC_ISA_USAGE = YES_ERROR;
				CLANG_WARN_DOCUMENTATION_COMMENTS = YES;
				CLANG_WARN_EMPTY_BODY = YES;
				CLANG_WARN_ENUM_CONVERSION = YES;
				CLANG_WARN_INFINITE_RECURSION = YES;
				CLANG_WARN_INT_CONVERSION = YES;
				CLANG_WARN_NON_LITERAL_NULL_CONVERSION = YES;
				CLANG_WARN_OBJC_IMPLICIT_RETAIN_SELF = YES;
				CLANG_WARN_OBJC_LITERAL_CONVERSION = YES;
				CLANG_WARN_OBJC_ROOT_CLASS = YES_ERROR;
				CLANG_WARN_QUOTED_INCLUDE_IN_FRAMEWORK_HEADER = YES;
				CLANG_WARN_RANGE_LOOP_ANALYSIS = YES;
				CLANG_WARN_STRICT_PROTOTYPES = YES;
				CLANG_WARN_SUSPICIOUS_MOVE = YES;
				CLANG_WARN_UNGUARDED_AVAILABILITY = YES_AGGRESSIVE;
				CLANG_WARN_UNREACHABLE_CODE = YES;
				CLANG_WARN__DUPLICATE_METHOD_MATCH = YES;
				COPY_PHASE_STRIP = NO;
				DEBUG_INFORMATION_FORMAT = dwarf;
				ENABLE_STRICT_OBJC_MSGSEND = YES;
				ENABLE_TESTABILITY = YES;
				GCC_C_LANGUAGE_STANDARD = gnu11;
				GCC_DYNAMIC_NO_PIC = NO;
				GCC_NO_COMMON_BLOCKS = YES;
				GCC_OPTIMIZATION_LEVEL = 0;
				GCC_PREPROCESSOR_DEFINITIONS = (
					"DEBUG=1",
					"$(inherited)",
				);
				GCC_WARN_64_TO_32_BIT_CONVERSION = YES;
				GCC_WARN_ABOUT_RETURN_TYPE = YES_ERROR;
				GCC_WARN_UNDECLARED_SELECTOR = YES;
				GCC_WARN_UNINITIALIZED_AUTOS = YES_AGGRESSIVE;
				GCC_WARN_UNUSED_FUNCTION = YES;
				GCC_WARN_UNUSED_VARIABLE = YES;
				IPHONEOS_DEPLOYMENT_TARGET = 14.5;
				MTL_ENABLE_DEBUG_INFO = INCLUDE_SOURCE;
				MTL_FAST_MATH = YES;
				ONLY_ACTIVE_ARCH = YES;
				SDKROOT = iphoneos;
				SWIFT_ACTIVE_COMPILATION_CONDITIONS = DEBUG;
				SWIFT_OPTIMIZATION_LEVEL = "-Onone";
			};
			name = Debug;
		};
		813F939227AC2612006B8194 /* Release */ = {
			isa = XCBuildConfiguration;
			buildSettings = {
				ALWAYS_SEARCH_USER_PATHS = NO;
				CLANG_ANALYZER_NONNULL = YES;
				CLANG_ANALYZER_NUMBER_OBJECT_CONVERSION = YES_AGGRESSIVE;
				CLANG_CXX_LANGUAGE_STANDARD = "gnu++14";
				CLANG_CXX_LIBRARY = "libc++";
				CLANG_ENABLE_MODULES = YES;
				CLANG_ENABLE_OBJC_ARC = YES;
				CLANG_ENABLE_OBJC_WEAK = YES;
				CLANG_WARN_BLOCK_CAPTURE_AUTORELEASING = YES;
				CLANG_WARN_BOOL_CONVERSION = YES;
				CLANG_WARN_COMMA = YES;
				CLANG_WARN_CONSTANT_CONVERSION = YES;
				CLANG_WARN_DEPRECATED_OBJC_IMPLEMENTATIONS = YES;
				CLANG_WARN_DIRECT_OBJC_ISA_USAGE = YES_ERROR;
				CLANG_WARN_DOCUMENTATION_COMMENTS = YES;
				CLANG_WARN_EMPTY_BODY = YES;
				CLANG_WARN_ENUM_CONVERSION = YES;
				CLANG_WARN_INFINITE_RECURSION = YES;
				CLANG_WARN_INT_CONVERSION = YES;
				CLANG_WARN_NON_LITERAL_NULL_CONVERSION = YES;
				CLANG_WARN_OBJC_IMPLICIT_RETAIN_SELF = YES;
				CLANG_WARN_OBJC_LITERAL_CONVERSION = YES;
				CLANG_WARN_OBJC_ROOT_CLASS = YES_ERROR;
				CLANG_WARN_QUOTED_INCLUDE_IN_FRAMEWORK_HEADER = YES;
				CLANG_WARN_RANGE_LOOP_ANALYSIS = YES;
				CLANG_WARN_STRICT_PROTOTYPES = YES;
				CLANG_WARN_SUSPICIOUS_MOVE = YES;
				CLANG_WARN_UNGUARDED_AVAILABILITY = YES_AGGRESSIVE;
				CLANG_WARN_UNREACHABLE_CODE = YES;
				CLANG_WARN__DUPLICATE_METHOD_MATCH = YES;
				COPY_PHASE_STRIP = NO;
				DEBUG_INFORMATION_FORMAT = "dwarf-with-dsym";
				ENABLE_NS_ASSERTIONS = NO;
				ENABLE_STRICT_OBJC_MSGSEND = YES;
				GCC_C_LANGUAGE_STANDARD = gnu11;
				GCC_NO_COMMON_BLOCKS = YES;
				GCC_WARN_64_TO_32_BIT_CONVERSION = YES;
				GCC_WARN_ABOUT_RETURN_TYPE = YES_ERROR;
				GCC_WARN_UNDECLARED_SELECTOR = YES;
				GCC_WARN_UNINITIALIZED_AUTOS = YES_AGGRESSIVE;
				GCC_WARN_UNUSED_FUNCTION = YES;
				GCC_WARN_UNUSED_VARIABLE = YES;
				IPHONEOS_DEPLOYMENT_TARGET = 14.5;
				MTL_ENABLE_DEBUG_INFO = NO;
				MTL_FAST_MATH = YES;
				SDKROOT = iphoneos;
				SWIFT_COMPILATION_MODE = wholemodule;
				SWIFT_OPTIMIZATION_LEVEL = "-O";
				VALIDATE_PRODUCT = YES;
			};
			name = Release;
		};
		813F939427AC2612006B8194 /* Debug */ = {
			isa = XCBuildConfiguration;
			buildSettings = {
				ASSETCATALOG_COMPILER_APPICON_NAME = AppIcon;
				ASSETCATALOG_COMPILER_GLOBAL_ACCENT_COLOR_NAME = AccentColor;
				CODE_SIGN_STYLE = Automatic;
				DEVELOPMENT_TEAM = GP7Y4T75U2;
				INFOPLIST_FILE = AppBank/Info.plist;
				LD_RUNPATH_SEARCH_PATHS = (
					"$(inherited)",
					"@executable_path/Frameworks",
				);
				PRODUCT_BUNDLE_IDENTIFIER = ru.viktor.popov.AppBank;
				PRODUCT_NAME = "$(TARGET_NAME)";
				SWIFT_VERSION = 5.0;
				TARGETED_DEVICE_FAMILY = "1,2";
			};
			name = Debug;
		};
		813F939527AC2612006B8194 /* Release */ = {
			isa = XCBuildConfiguration;
			buildSettings = {
				ASSETCATALOG_COMPILER_APPICON_NAME = AppIcon;
				ASSETCATALOG_COMPILER_GLOBAL_ACCENT_COLOR_NAME = AccentColor;
				CODE_SIGN_STYLE = Automatic;
				DEVELOPMENT_TEAM = GP7Y4T75U2;
				INFOPLIST_FILE = AppBank/Info.plist;
				LD_RUNPATH_SEARCH_PATHS = (
					"$(inherited)",
					"@executable_path/Frameworks",
				);
				PRODUCT_BUNDLE_IDENTIFIER = ru.viktor.popov.AppBank;
				PRODUCT_NAME = "$(TARGET_NAME)";
				SWIFT_VERSION = 5.0;
				TARGETED_DEVICE_FAMILY = "1,2";
			};
			name = Release;
		};
/* End XCBuildConfiguration section */

/* Begin XCConfigurationList section */
		813F937A27AC2611006B8194 /* Build configuration list for PBXProject "AppBank" */ = {
			isa = XCConfigurationList;
			buildConfigurations = (
				813F939127AC2612006B8194 /* Debug */,
				813F939227AC2612006B8194 /* Release */,
			);
			defaultConfigurationIsVisible = 0;
			defaultConfigurationName = Release;
		};
		813F939327AC2612006B8194 /* Build configuration list for PBXNativeTarget "AppBank" */ = {
			isa = XCConfigurationList;
			buildConfigurations = (
				813F939427AC2612006B8194 /* Debug */,
				813F939527AC2612006B8194 /* Release */,
			);
			defaultConfigurationIsVisible = 0;
			defaultConfigurationName = Release;
		};
/* End XCConfigurationList section */
	};
	rootObject = 813F937727AC2611006B8194 /* Project object */;
}
